
Microsoft Visual Studio Solution File, Format Version 12.00
# Visual Studio Version 17
VisualStudioVersion = 17.13.35825.156
MinimumVisualStudioVersion = 10.0.40219.1
Project("{FAE04EC0-301F-11D3-BF4B-00C04F79EFBC}") = "NewsApp", "NewsApp\NewsApp.csproj", "{89C7F370-B0D7-4DA0-816A-1D8B77B20626}"
EndProject
Project("{FAE04EC0-301F-11D3-BF4B-00C04F79EFBC}") = "NewsApp.Tests", "HackerNews.Tests\NewsApp.Tests.csproj", "{8EE4D5A8-A592-43C3-82A6-9A0DB267B6EF}"
EndProject
Global
	GlobalSection(SolutionConfigurationPlatforms) = preSolution
		Debug|Any CPU = Debug|Any CPU
		Release|Any CPU = Release|Any CPU
	EndGlobalSection
	GlobalSection(ProjectConfigurationPlatforms) = postSolution
		{89C7F370-B0D7-4DA0-816A-1D8B77B20626}.Debug|Any CPU.ActiveCfg = Debug|Any CPU
		{89C7F370-B0D7-4DA0-816A-1D8B77B20626}.Debug|Any CPU.Build.0 = Debug|Any CPU
		{89C7F370-B0D7-4DA0-816A-1D8B77B20626}.Release|Any CPU.ActiveCfg = Release|Any CPU
		{89C7F370-B0D7-4DA0-816A-1D8B77B20626}.Release|Any CPU.Build.0 = Release|Any CPU
		{8EE4D5A8-A592-43C3-82A6-9A0DB267B6EF}.Debug|Any CPU.ActiveCfg = Debug|Any CPU
		{8EE4D5A8-A592-43C3-82A6-9A0DB267B6EF}.Debug|Any CPU.Build.0 = Debug|Any CPU
		{8EE4D5A8-A592-43C3-82A6-9A0DB267B6EF}.Release|Any CPU.ActiveCfg = Release|Any CPU
		{8EE4D5A8-A592-43C3-82A6-9A0DB267B6EF}.Release|Any CPU.Build.0 = Release|Any CPU
	EndGlobalSection
	GlobalSection(SolutionProperties) = preSolution
		HideSolutionNode = FALSE
	EndGlobalSection
	GlobalSection(ExtensibilityGlobals) = postSolution
		SolutionGuid = {0494948F-BB9B-489B-AC27-50A56AB1367D}
	EndGlobalSection
EndGlobal
